
Microsoft Visual Studio Solution File, Format Version 12.00
Project("{2150E333-8FDC-42A3-9474-1A3956D46DE8}") = "src", "src", "{1A195062-2EAE-44E1-A279-9470F80BC587}"
EndProject
Project("{2150E333-8FDC-42A3-9474-1A3956D46DE8}") = "tests", "tests", "{C344B0E8-5D4B-4ED6-BEFD-A34D196FB75B}"
EndProject
Project("{FAE04EC0-301F-11D3-BF4B-00C04F79EFBC}") = "LibraryV3.NUnit.Tests.Api", "tests\LibraryV3.NUnit.Tests.Api\LibraryV3.NUnit.Tests.Api.csproj", "{BE7C6F58-4FD6-4470-96D1-9CF7194A0BA1}"
EndProject
Project("{FAE04EC0-301F-11D3-BF4B-00C04F79EFBC}") = "LibraryV3.xUnit.Tests.Api", "tests\LibraryV3.xUnit.Tests.Api\LibraryV3.xUnit.Tests.Api.csproj", "{6A37A595-4308-4645-BAE4-76FEE1D7283F}"
EndProject
Project("{FAE04EC0-301F-11D3-BF4B-00C04F79EFBC}") = "LibraryV3", "src\LibraryV3\LibraryV3.csproj", "{E7F1784A-2747-4084-BC78-38A823065A3E}"
EndProject
Global
	GlobalSection(SolutionConfigurationPlatforms) = preSolution
		Debug|Any CPU = Debug|Any CPU
		Release|Any CPU = Release|Any CPU
	EndGlobalSection
	GlobalSection(NestedProjects) = preSolution
		{BE7C6F58-4FD6-4470-96D1-9CF7194A0BA1} = {C344B0E8-5D4B-4ED6-BEFD-A34D196FB75B}
		{6A37A595-4308-4645-BAE4-76FEE1D7283F} = {C344B0E8-5D4B-4ED6-BEFD-A34D196FB75B}
		{E7F1784A-2747-4084-BC78-38A823065A3E} = {1A195062-2EAE-44E1-A279-9470F80BC587}
	EndGlobalSection
	GlobalSection(ProjectConfigurationPlatforms) = postSolution
		{BE7C6F58-4FD6-4470-96D1-9CF7194A0BA1}.Debug|Any CPU.ActiveCfg = Debug|Any CPU
		{BE7C6F58-4FD6-4470-96D1-9CF7194A0BA1}.Debug|Any CPU.Build.0 = Debug|Any CPU
		{BE7C6F58-4FD6-4470-96D1-9CF7194A0BA1}.Release|Any CPU.ActiveCfg = Release|Any CPU
		{BE7C6F58-4FD6-4470-96D1-9CF7194A0BA1}.Release|Any CPU.Build.0 = Release|Any CPU
		{6A37A595-4308-4645-BAE4-76FEE1D7283F}.Debug|Any CPU.ActiveCfg = Debug|Any CPU
		{6A37A595-4308-4645-BAE4-76FEE1D7283F}.Debug|Any CPU.Build.0 = Debug|Any CPU
		{6A37A595-4308-4645-BAE4-76FEE1D7283F}.Release|Any CPU.ActiveCfg = Release|Any CPU
		{6A37A595-4308-4645-BAE4-76FEE1D7283F}.Release|Any CPU.Build.0 = Release|Any CPU
		{E7F1784A-2747-4084-BC78-38A823065A3E}.Debug|Any CPU.ActiveCfg = Debug|Any CPU
		{E7F1784A-2747-4084-BC78-38A823065A3E}.Debug|Any CPU.Build.0 = Debug|Any CPU
		{E7F1784A-2747-4084-BC78-38A823065A3E}.Release|Any CPU.ActiveCfg = Release|Any CPU
		{E7F1784A-2747-4084-BC78-38A823065A3E}.Release|Any CPU.Build.0 = Release|Any CPU
	EndGlobalSection
EndGlobal
